
Microsoft Visual Studio Solution File, Format Version 12.00
# Visual Studio Version 16
VisualStudioVersion = 16.0.30517.126
MinimumVisualStudioVersion = 10.0.40219.1
Project("{FAE04EC0-301F-11D3-BF4B-00C04F79EFBC}") = "MultiplicationOperator", "MultiplicationOperator\MultiplicationOperator.csproj", "{14B5A5CF-C2A5-4A62-BE56-A568215E6966}"
EndProject
Project("{FAE04EC0-301F-11D3-BF4B-00C04F79EFBC}") = "MultiplicationOperatorTest", "MultiplicationOperatorTest\MultiplicationOperatorTest.csproj", "{D05AC70F-4588-45F1-9830-30DCDE87C9EC}"
EndProject
Global
	GlobalSection(SolutionConfigurationPlatforms) = preSolution
		Debug|Any CPU = Debug|Any CPU
		Release|Any CPU = Release|Any CPU
	EndGlobalSection
	GlobalSection(ProjectConfigurationPlatforms) = postSolution
		{14B5A5CF-C2A5-4A62-BE56-A568215E6966}.Debug|Any CPU.ActiveCfg = Debug|Any CPU
		{14B5A5CF-C2A5-4A62-BE56-A568215E6966}.Debug|Any CPU.Build.0 = Debug|Any CPU
		{14B5A5CF-C2A5-4A62-BE56-A568215E6966}.Release|Any CPU.ActiveCfg = Release|Any CPU
		{14B5A5CF-C2A5-4A62-BE56-A568215E6966}.Release|Any CPU.Build.0 = Release|Any CPU
		{D05AC70F-4588-45F1-9830-30DCDE87C9EC}.Debug|Any CPU.ActiveCfg = Debug|Any CPU
		{D05AC70F-4588-45F1-9830-30DCDE87C9EC}.Debug|Any CPU.Build.0 = Debug|Any CPU
		{D05AC70F-4588-45F1-9830-30DCDE87C9EC}.Release|Any CPU.ActiveCfg = Release|Any CPU
		{D05AC70F-4588-45F1-9830-30DCDE87C9EC}.Release|Any CPU.Build.0 = Release|Any CPU
	EndGlobalSection
	GlobalSection(SolutionProperties) = preSolution
		HideSolutionNode = FALSE
	EndGlobalSection
	GlobalSection(ExtensibilityGlobals) = postSolution
		SolutionGuid = {3355CF0B-F205-4754-A1B0-E7A1D1DBF250}
	EndGlobalSection
EndGlobal
