
Microsoft Visual Studio Solution File, Format Version 12.00
# Visual Studio Version 16
VisualStudioVersion = 16.0.30523.141
MinimumVisualStudioVersion = 10.0.40219.1
Project("{9A19103F-16F7-4668-BE54-9A1E7A4F7556}") = "PokerHandRanking", "PokerHandRanking\PokerHandRanking.csproj", "{F4AFADA5-948E-4FD6-944B-A1ABD3808CAD}"
EndProject
Project("{9A19103F-16F7-4668-BE54-9A1E7A4F7556}") = "PokerHandRankingTest", "PokerHandRankingTest\PokerHandRankingTest.csproj", "{17EEB932-E90C-4672-A897-9905F1437537}"
EndProject
Project("{FAE04EC0-301F-11D3-BF4B-00C04F79EFBC}") = "Common", "Common\Common.csproj", "{0ED96CE4-3BBC-4CCE-BFBB-9AFEFBAF2B78}"
EndProject
Global
	GlobalSection(SolutionConfigurationPlatforms) = preSolution
		Debug|Any CPU = Debug|Any CPU
		Release|Any CPU = Release|Any CPU
	EndGlobalSection
	GlobalSection(ProjectConfigurationPlatforms) = postSolution
		{F4AFADA5-948E-4FD6-944B-A1ABD3808CAD}.Debug|Any CPU.ActiveCfg = Debug|Any CPU
		{F4AFADA5-948E-4FD6-944B-A1ABD3808CAD}.Debug|Any CPU.Build.0 = Debug|Any CPU
		{F4AFADA5-948E-4FD6-944B-A1ABD3808CAD}.Release|Any CPU.ActiveCfg = Release|Any CPU
		{F4AFADA5-948E-4FD6-944B-A1ABD3808CAD}.Release|Any CPU.Build.0 = Release|Any CPU
		{17EEB932-E90C-4672-A897-9905F1437537}.Debug|Any CPU.ActiveCfg = Debug|Any CPU
		{17EEB932-E90C-4672-A897-9905F1437537}.Debug|Any CPU.Build.0 = Debug|Any CPU
		{17EEB932-E90C-4672-A897-9905F1437537}.Release|Any CPU.ActiveCfg = Release|Any CPU
		{17EEB932-E90C-4672-A897-9905F1437537}.Release|Any CPU.Build.0 = Release|Any CPU
		{0ED96CE4-3BBC-4CCE-BFBB-9AFEFBAF2B78}.Debug|Any CPU.ActiveCfg = Debug|Any CPU
		{0ED96CE4-3BBC-4CCE-BFBB-9AFEFBAF2B78}.Debug|Any CPU.Build.0 = Debug|Any CPU
		{0ED96CE4-3BBC-4CCE-BFBB-9AFEFBAF2B78}.Release|Any CPU.ActiveCfg = Release|Any CPU
		{0ED96CE4-3BBC-4CCE-BFBB-9AFEFBAF2B78}.Release|Any CPU.Build.0 = Release|Any CPU
	EndGlobalSection
	GlobalSection(SolutionProperties) = preSolution
		HideSolutionNode = FALSE
	EndGlobalSection
	GlobalSection(ExtensibilityGlobals) = postSolution
		SolutionGuid = {29DC1DD5-0654-4047-99E3-1C9597A37C43}
	EndGlobalSection
EndGlobal
